// !$*UTF8*$!
{
	archiveVersion = 1;
	classes = {
	};
	objectVersion = 46;
	objects = {

/* Begin PBXBuildFile section */
		DA06BEF014E2F5220013A5E8 /* Dig-It BIG.png in Resources */ = {isa = PBXBuildFile; fileRef = DA06BEEF14E2F5220013A5E8 /* Dig-It BIG.png */; };
		DA06BEF214E2F5430013A5E8 /* DigIt.png in Resources */ = {isa = PBXBuildFile; fileRef = DA06BEF114E2F5430013A5E8 /* DigIt.png */; };
		DA06BEF414E2F5530013A5E8 /* stop_button.png in Resources */ = {isa = PBXBuildFile; fileRef = DA06BEF314E2F5530013A5E8 /* stop_button.png */; };
		DA06BEF614E2F55C0013A5E8 /* go_button.png in Resources */ = {isa = PBXBuildFile; fileRef = DA06BEF514E2F55C0013A5E8 /* go_button.png */; };
		DA06BEF814E2F5710013A5E8 /* sMk.png in Resources */ = {isa = PBXBuildFile; fileRef = DA06BEF714E2F5710013A5E8 /* sMk.png */; };
		DA1C5AE914F27889004AD774 /* sMk.114x80.png in Resources */ = {isa = PBXBuildFile; fileRef = DA1C5AE814F27889004AD774 /* sMk.114x80.png */; };
		DA1C5AEC14F2799C004AD774 /* sMk.68x48.png in Resources */ = {isa = PBXBuildFile; fileRef = DA1C5AEB14F2799C004AD774 /* sMk.68x48.png */; };
		DA41204F152F185700947229 /* libSMKDB.a in Frameworks */ = {isa = PBXBuildFile; fileRef = DA41204E152F185700947229 /* libSMKDB.a */; };
		DA412051152F186B00947229 /* libSMKDigitizeData.a in Frameworks */ = {isa = PBXBuildFile; fileRef = DA412050152F186B00947229 /* libSMKDigitizeData.a */; };
		DA412053152F187700947229 /* libSMKCocoaCommon.a in Frameworks */ = {isa = PBXBuildFile; fileRef = DA412052152F187700947229 /* libSMKCocoaCommon.a */; };
		DA412055152F187B00947229 /* libSMKCommon.a in Frameworks */ = {isa = PBXBuildFile; fileRef = DA412054152F187B00947229 /* libSMKCommon.a */; };
		DA412057152F18B600947229 /* libSMKDigitDatabase.a in Frameworks */ = {isa = PBXBuildFile; fileRef = DA412056152F18B600947229 /* libSMKDigitDatabase.a */; };
		DA41205C152F20ED00947229 /* CustMediaView.xib in Resources */ = {isa = PBXBuildFile; fileRef = DA41205B152F20ED00947229 /* CustMediaView.xib */; };
		DA53D63C14ED1A1900A8BE98 /* GradyView.m in Sources */ = {isa = PBXBuildFile; fileRef = DA53D63B14ED1A1900A8BE98 /* GradyView.m */; };
		DA5D42CF14E31F1800A16783 /* Security.framework in Frameworks */ = {isa = PBXBuildFile; fileRef = DA5D42CE14E31F1800A16783 /* Security.framework */; };
		DA5D42D114E31F3300A16783 /* Kerberos.framework in Frameworks */ = {isa = PBXBuildFile; fileRef = DA5D42D014E31F3300A16783 /* Kerberos.framework */; };
		DA5D42D314E31FA900A16783 /* LDAP.framework in Frameworks */ = {isa = PBXBuildFile; fileRef = DA5D42D214E31FA900A16783 /* LDAP.framework */; };
		DA5D42D514E31FD500A16783 /* libssl.0.9.8.dylib in Frameworks */ = {isa = PBXBuildFile; fileRef = DA5D42D414E31FD500A16783 /* libssl.0.9.8.dylib */; };
		DA5D42D714E31FE900A16783 /* libcrypto.0.9.8.dylib in Frameworks */ = {isa = PBXBuildFile; fileRef = DA5D42D614E31FE900A16783 /* libcrypto.0.9.8.dylib */; };
		DA796B59153D7D4C006A9A0F /* GradyVCntlr.m in Sources */ = {isa = PBXBuildFile; fileRef = DA796B57153D7D4C006A9A0F /* GradyVCntlr.m */; };
		DA796B5A153D7D4C006A9A0F /* GradyView.xib in Resources */ = {isa = PBXBuildFile; fileRef = DA796B58153D7D4C006A9A0F /* GradyView.xib */; };
		DA796B62153D9BDD006A9A0F /* TestVCntlr.m in Sources */ = {isa = PBXBuildFile; fileRef = DA796B61153D9BDD006A9A0F /* TestVCntlr.m */; };
		DA796B68153DA71E006A9A0F /* CustomerViewCntlr.m in Sources */ = {isa = PBXBuildFile; fileRef = DAC958A214F17E7900A3DCF3 /* CustomerViewCntlr.m */; };
		DA796B69153DA723006A9A0F /* CustomerDataSrc.m in Sources */ = {isa = PBXBuildFile; fileRef = DAF9485B14F23386002B6C03 /* CustomerDataSrc.m */; };
		DA796B6A153DA7E8006A9A0F /* AppUserValues.m in Sources */ = {isa = PBXBuildFile; fileRef = DA5D42C314E30F5D00A16783 /* AppUserValues.m */; };
		DA796B70153DB3F1006A9A0F /* CustMediaVCntlr.m in Sources */ = {isa = PBXBuildFile; fileRef = DA412059152F20B100947229 /* CustMediaVCntlr.m */; };
		DA796B72153DC592006A9A0F /* CustomerViewORIG.xib in Resources */ = {isa = PBXBuildFile; fileRef = DA796B71153DC592006A9A0F /* CustomerViewORIG.xib */; };
		DA819E8C14E2D9D5008EE066 /* QuartzCore.framework in Frameworks */ = {isa = PBXBuildFile; fileRef = DA819E8B14E2D9D5008EE066 /* QuartzCore.framework */; };
		DA819E8F14E2DB40008EE066 /* PrefsWin.xib in Resources */ = {isa = PBXBuildFile; fileRef = DA819E8E14E2DB40008EE066 /* PrefsWin.xib */; };
		DAA530E314E09DF600519A30 /* Cocoa.framework in Frameworks */ = {isa = PBXBuildFile; fileRef = DAA530E214E09DF600519A30 /* Cocoa.framework */; };
		DAA530ED14E09DF600519A30 /* InfoPlist.strings in Resources */ = {isa = PBXBuildFile; fileRef = DAA530EB14E09DF600519A30 /* InfoPlist.strings */; };
		DAA530EF14E09DF600519A30 /* main.m in Sources */ = {isa = PBXBuildFile; fileRef = DAA530EE14E09DF600519A30 /* main.m */; };
		DAA530F314E09DF600519A30 /* Credits.rtf in Resources */ = {isa = PBXBuildFile; fileRef = DAA530F114E09DF600519A30 /* Credits.rtf */; };
		DAA530F614E09DF600519A30 /* AppDelegate.m in Sources */ = {isa = PBXBuildFile; fileRef = DAA530F514E09DF600519A30 /* AppDelegate.m */; };
		DAA530F914E09DF600519A30 /* MainMenu.xib in Resources */ = {isa = PBXBuildFile; fileRef = DAA530F714E09DF600519A30 /* MainMenu.xib */; };
		DAA5310114E09DF600519A30 /* SenTestingKit.framework in Frameworks */ = {isa = PBXBuildFile; fileRef = DAA5310014E09DF600519A30 /* SenTestingKit.framework */; };
		DAA5310214E09DF600519A30 /* Cocoa.framework in Frameworks */ = {isa = PBXBuildFile; fileRef = DAA530E214E09DF600519A30 /* Cocoa.framework */; };
		DAA5310A14E09DF600519A30 /* InfoPlist.strings in Resources */ = {isa = PBXBuildFile; fileRef = DAA5310814E09DF600519A30 /* InfoPlist.strings */; };
		DAA5310D14E09DF600519A30 /* Dig_ItTests.m in Sources */ = {isa = PBXBuildFile; fileRef = DAA5310C14E09DF600519A30 /* Dig_ItTests.m */; };
		DAA6789214EFB868004D9CD8 /* Dig-It Disc3.icns in Resources */ = {isa = PBXBuildFile; fileRef = DAA6789114EFB868004D9CD8 /* Dig-It Disc3.icns */; };
		DAA6789514EFB951004D9CD8 /* NO ART.tif in Resources */ = {isa = PBXBuildFile; fileRef = DAA6789414EFB951004D9CD8 /* NO ART.tif */; };
		DAA678A014F0188F004D9CD8 /* Quartz.framework in Frameworks */ = {isa = PBXBuildFile; fileRef = DAA6789F14F0188F004D9CD8 /* Quartz.framework */; };
		DABE136D153E216D007B7026 /* CustUpcView.xib in Resources */ = {isa = PBXBuildFile; fileRef = DA171E0A14E341A100EBD43D /* CustUpcView.xib */; };
		DABE136E153E2597007B7026 /* TrashView.xib in Resources */ = {isa = PBXBuildFile; fileRef = DAEC2F1414E54F98005F7F4E /* TrashView.xib */; };
		DABE137A153E39E2007B7026 /* CustomerView.xib in Resources */ = {isa = PBXBuildFile; fileRef = DABE1379153E39E2007B7026 /* CustomerView.xib */; };
		DABE137C153E3B68007B7026 /* CustomerView2.xib in Resources */ = {isa = PBXBuildFile; fileRef = DABE137B153E3B68007B7026 /* CustomerView2.xib */; };
		DACB345E153ECD3B00995339 /* CustomerView3.xib in Resources */ = {isa = PBXBuildFile; fileRef = DACB345D153ECD3B00995339 /* CustomerView3.xib */; };
		DAE4CB441529060600B1CD44 /* SMKCocoaDigitizeUI.framework in CopyFiles */ = {isa = PBXBuildFile; fileRef = DAE4CB40152905AC00B1CD44 /* SMKCocoaDigitizeUI.framework */; };
		DAE4CB451529062500B1CD44 /* SMKCocoaDigitizeUI.framework in Frameworks */ = {isa = PBXBuildFile; fileRef = DAE4CB40152905AC00B1CD44 /* SMKCocoaDigitizeUI.framework */; };
		DAE594C314EDC6DE005EC086 /* glass.wav in Resources */ = {isa = PBXBuildFile; fileRef = DAE594C214EDC6DE005EC086 /* glass.wav */; };
		DAEC2F0914E3F184005F7F4E /* Ping.aiff in Resources */ = {isa = PBXBuildFile; fileRef = DAEC2F0814E3F184005F7F4E /* Ping.aiff */; };
		DAEC2F0D14E3F37A005F7F4E /* AudioToolbox.framework in Frameworks */ = {isa = PBXBuildFile; fileRef = DAEC2F0C14E3F379005F7F4E /* AudioToolbox.framework */; };
		DAEC2F2A14E569AD005F7F4E /* QTKit.framework in Frameworks */ = {isa = PBXBuildFile; fileRef = DAEC2F2914E569AD005F7F4E /* QTKit.framework */; };
		DAEF88581523CFA400AF77B3 /* libpq.dylib in Frameworks */ = {isa = PBXBuildFile; fileRef = DAEF88571523CFA400AF77B3 /* libpq.dylib */; };
		DAF9485214F22FE3002B6C03 /* AddressBook.framework in Frameworks */ = {isa = PBXBuildFile; fileRef = DAF9485114F22FE3002B6C03 /* AddressBook.framework */; };
/* End PBXBuildFile section */

/* Begin PBXContainerItemProxy section */
		DAA5310314E09DF600519A30 /* PBXContainerItemProxy */ = {
			isa = PBXContainerItemProxy;
			containerPortal = DAA530D514E09DF500519A30 /* Project object */;
			proxyType = 1;
			remoteGlobalIDString = DAA530DD14E09DF600519A30;
			remoteInfo = "Dig-It";
		};
		DAE4CB3F152905AC00B1CD44 /* PBXContainerItemProxy */ = {
			isa = PBXContainerItemProxy;
			containerPortal = DAE4CB37152905AC00B1CD44 /* SMKCocoaDigitizeUI.xcodeproj */;
			proxyType = 2;
			remoteGlobalIDString = DAAD54E2150B8EDF00E5E37D;
			remoteInfo = SMKCocoaDigitizeUI;
		};
		DAE4CB41152905AC00B1CD44 /* PBXContainerItemProxy */ = {
			isa = PBXContainerItemProxy;
			containerPortal = DAE4CB37152905AC00B1CD44 /* SMKCocoaDigitizeUI.xcodeproj */;
			proxyType = 2;
			remoteGlobalIDString = DAAD54FA150B8EDF00E5E37D;
			remoteInfo = SMKCocoaDigitizeUITests;
		};
/* End PBXContainerItemProxy section */

/* Begin PBXCopyFilesBuildPhase section */
		DAE4CB43152905E700B1CD44 /* CopyFiles */ = {
			isa = PBXCopyFilesBuildPhase;
			buildActionMask = 2147483647;
			dstPath = "";
			dstSubfolderSpec = 10;
			files = (
				DAE4CB441529060600B1CD44 /* SMKCocoaDigitizeUI.framework in CopyFiles */,
			);
			runOnlyForDeploymentPostprocessing = 0;
		};
/* End PBXCopyFilesBuildPhase section */

/* Begin PBXFileReference section */
		DA06BEE414E2E2130013A5E8 /* DigItWinCntlr.h */ = {isa = PBXFileReference; fileEncoding = 4; lastKnownFileType = sourcecode.c.h; path = DigItWinCntlr.h; sourceTree = "<group>"; };
		DA06BEE514E2E2130013A5E8 /* DigItWinCntlr.m */ = {isa = PBXFileReference; fileEncoding = 4; lastKnownFileType = sourcecode.c.objc; path = DigItWinCntlr.m; sourceTree = "<group>"; };
		DA06BEEF14E2F5220013A5E8 /* Dig-It BIG.png */ = {isa = PBXFileReference; lastKnownFileType = image.png; name = "Dig-It BIG.png"; path = "../../../../Images/Dig-It BIG.png"; sourceTree = "<group>"; };
		DA06BEF114E2F5430013A5E8 /* DigIt.png */ = {isa = PBXFileReference; lastKnownFileType = image.png; name = DigIt.png; path = ../../../../Images/DigIt.png; sourceTree = "<group>"; };
		DA06BEF314E2F5530013A5E8 /* stop_button.png */ = {isa = PBXFileReference; lastKnownFileType = image.png; name = stop_button.png; path = ../../../../Images/stop_button.png; sourceTree = "<group>"; };
		DA06BEF514E2F55C0013A5E8 /* go_button.png */ = {isa = PBXFileReference; lastKnownFileType = image.png; name = go_button.png; path = ../../../../Images/go_button.png; sourceTree = "<group>"; };
		DA06BEF714E2F5710013A5E8 /* sMk.png */ = {isa = PBXFileReference; lastKnownFileType = image.png; name = sMk.png; path = ../../../../Images/sMk.png; sourceTree = "<group>"; };
		DA171DFC14E32D3600EBD43D /* DIDB.h */ = {isa = PBXFileReference; fileEncoding = 4; lastKnownFileType = sourcecode.c.h; path = DIDB.h; sourceTree = "<group>"; };
		DA171DFD14E32D3600EBD43D /* DIDB.m */ = {isa = PBXFileReference; fileEncoding = 4; lastKnownFileType = sourcecode.c.objc; path = DIDB.m; sourceTree = "<group>"; };
		DA171E0814E341A100EBD43D /* CustUpcViewCntlr.h */ = {isa = PBXFileReference; fileEncoding = 4; lastKnownFileType = sourcecode.c.h; path = CustUpcViewCntlr.h; sourceTree = "<group>"; };
		DA171E0914E341A100EBD43D /* CustUpcViewCntlr.m */ = {isa = PBXFileReference; fileEncoding = 4; lastKnownFileType = sourcecode.c.objc; path = CustUpcViewCntlr.m; sourceTree = "<group>"; };
		DA171E0A14E341A100EBD43D /* CustUpcView.xib */ = {isa = PBXFileReference; fileEncoding = 4; lastKnownFileType = file.xib; path = CustUpcView.xib; sourceTree = "<group>"; };
		DA1C5AE814F27889004AD774 /* sMk.114x80.png */ = {isa = PBXFileReference; lastKnownFileType = image.png; name = sMk.114x80.png; path = Resources/sMk.114x80.png; sourceTree = SOURCE_ROOT; };
		DA1C5AEB14F2799C004AD774 /* sMk.68x48.png */ = {isa = PBXFileReference; lastKnownFileType = image.png; name = sMk.68x48.png; path = Resources/sMk.68x48.png; sourceTree = SOURCE_ROOT; };
		DA41204E152F185700947229 /* libSMKDB.a */ = {isa = PBXFileReference; lastKnownFileType = archive.ar; name = libSMKDB.a; path = /Support/lib/libSMKDB.a; sourceTree = "<absolute>"; };
		DA412050152F186B00947229 /* libSMKDigitizeData.a */ = {isa = PBXFileReference; lastKnownFileType = archive.ar; name = libSMKDigitizeData.a; path = /Support/lib/libSMKDigitizeData.a; sourceTree = "<absolute>"; };
		DA412052152F187700947229 /* libSMKCocoaCommon.a */ = {isa = PBXFileReference; lastKnownFileType = archive.ar; name = libSMKCocoaCommon.a; path = /Support/lib/libSMKCocoaCommon.a; sourceTree = "<absolute>"; };
		DA412054152F187B00947229 /* libSMKCommon.a */ = {isa = PBXFileReference; lastKnownFileType = archive.ar; name = libSMKCommon.a; path = /Support/lib/libSMKCommon.a; sourceTree = "<absolute>"; };
		DA412056152F18B600947229 /* libSMKDigitDatabase.a */ = {isa = PBXFileReference; lastKnownFileType = archive.ar; name = libSMKDigitDatabase.a; path = /Support/lib/libSMKDigitDatabase.a; sourceTree = "<absolute>"; };
		DA412058152F20B100947229 /* CustMediaVCntlr.h */ = {isa = PBXFileReference; fileEncoding = 4; lastKnownFileType = sourcecode.c.h; path = CustMediaVCntlr.h; sourceTree = "<group>"; };
		DA412059152F20B100947229 /* CustMediaVCntlr.m */ = {isa = PBXFileReference; fileEncoding = 4; lastKnownFileType = sourcecode.c.objc; path = CustMediaVCntlr.m; sourceTree = "<group>"; };
		DA41205B152F20ED00947229 /* CustMediaView.xib */ = {isa = PBXFileReference; fileEncoding = 4; lastKnownFileType = file.xib; path = CustMediaView.xib; sourceTree = "<group>"; };
		DA53D63A14ED1A1900A8BE98 /* GradyView.h */ = {isa = PBXFileReference; fileEncoding = 4; lastKnownFileType = sourcecode.c.h; path = GradyView.h; sourceTree = "<group>"; };
		DA53D63B14ED1A1900A8BE98 /* GradyView.m */ = {isa = PBXFileReference; fileEncoding = 4; lastKnownFileType = sourcecode.c.objc; path = GradyView.m; sourceTree = "<group>"; };
		DA5D42C214E30F5D00A16783 /* AppUserValues.h */ = {isa = PBXFileReference; fileEncoding = 4; lastKnownFileType = sourcecode.c.h; path = AppUserValues.h; sourceTree = "<group>"; };
		DA5D42C314E30F5D00A16783 /* AppUserValues.m */ = {isa = PBXFileReference; fileEncoding = 4; lastKnownFileType = sourcecode.c.objc; path = AppUserValues.m; sourceTree = "<group>"; };
		DA5D42CE14E31F1800A16783 /* Security.framework */ = {isa = PBXFileReference; lastKnownFileType = wrapper.framework; name = Security.framework; path = System/Library/Frameworks/Security.framework; sourceTree = SDKROOT; };
		DA5D42D014E31F3300A16783 /* Kerberos.framework */ = {isa = PBXFileReference; lastKnownFileType = wrapper.framework; name = Kerberos.framework; path = System/Library/Frameworks/Kerberos.framework; sourceTree = SDKROOT; };
		DA5D42D214E31FA900A16783 /* LDAP.framework */ = {isa = PBXFileReference; lastKnownFileType = wrapper.framework; name = LDAP.framework; path = /System/Library/Frameworks/LDAP.framework; sourceTree = "<absolute>"; };
		DA5D42D414E31FD500A16783 /* libssl.0.9.8.dylib */ = {isa = PBXFileReference; lastKnownFileType = "compiled.mach-o.dylib"; name = libssl.0.9.8.dylib; path = usr/lib/libssl.0.9.8.dylib; sourceTree = SDKROOT; };
		DA5D42D614E31FE900A16783 /* libcrypto.0.9.8.dylib */ = {isa = PBXFileReference; lastKnownFileType = "compiled.mach-o.dylib"; name = libcrypto.0.9.8.dylib; path = usr/lib/libcrypto.0.9.8.dylib; sourceTree = SDKROOT; };
		DA727DD614F16E2400A89F09 /* VidSelArtPickerViewCntlr.h */ = {isa = PBXFileReference; fileEncoding = 4; lastKnownFileType = sourcecode.c.h; path = VidSelArtPickerViewCntlr.h; sourceTree = "<group>"; };
		DA727DD714F16E2400A89F09 /* VidSelArtPickerViewCntlr.m */ = {isa = PBXFileReference; fileEncoding = 4; lastKnownFileType = sourcecode.c.objc; path = VidSelArtPickerViewCntlr.m; sourceTree = "<group>"; };
		DA727DDC14F16E8700A89F09 /* VidMetaSelViewCntlr.h */ = {isa = PBXFileReference; fileEncoding = 4; lastKnownFileType = sourcecode.c.h; path = VidMetaSelViewCntlr.h; sourceTree = "<group>"; };
		DA727DDD14F16E8700A89F09 /* VidMetaSelViewCntlr.m */ = {isa = PBXFileReference; fileEncoding = 4; lastKnownFileType = sourcecode.c.objc; path = VidMetaSelViewCntlr.m; sourceTree = "<group>"; };
		DA727DDE14F16E8700A89F09 /* VidMetaSelView.xib */ = {isa = PBXFileReference; fileEncoding = 4; lastKnownFileType = file.xib; path = VidMetaSelView.xib; sourceTree = "<group>"; };
		DA796B56153D7D4C006A9A0F /* GradyVCntlr.h */ = {isa = PBXFileReference; fileEncoding = 4; lastKnownFileType = sourcecode.c.h; path = GradyVCntlr.h; sourceTree = "<group>"; };
		DA796B57153D7D4C006A9A0F /* GradyVCntlr.m */ = {isa = PBXFileReference; fileEncoding = 4; lastKnownFileType = sourcecode.c.objc; path = GradyVCntlr.m; sourceTree = "<group>"; };
		DA796B58153D7D4C006A9A0F /* GradyView.xib */ = {isa = PBXFileReference; fileEncoding = 4; lastKnownFileType = file.xib; path = GradyView.xib; sourceTree = "<group>"; };
		DA796B5B153D908C006A9A0F /* MainMenuOrig.xib */ = {isa = PBXFileReference; lastKnownFileType = file.xib; path = MainMenuOrig.xib; sourceTree = "<group>"; };
		DA796B60153D9BDD006A9A0F /* TestVCntlr.h */ = {isa = PBXFileReference; fileEncoding = 4; lastKnownFileType = sourcecode.c.h; path = TestVCntlr.h; sourceTree = "<group>"; };
		DA796B61153D9BDD006A9A0F /* TestVCntlr.m */ = {isa = PBXFileReference; fileEncoding = 4; lastKnownFileType = sourcecode.c.objc; path = TestVCntlr.m; sourceTree = "<group>"; };
		DA796B71153DC592006A9A0F /* CustomerViewORIG.xib */ = {isa = PBXFileReference; fileEncoding = 4; lastKnownFileType = file.xib; path = CustomerViewORIG.xib; sourceTree = "<group>"; };
		DA7FC07D14EAB4E5004423F5 /* VidMetaSelWin.xib */ = {isa = PBXFileReference; fileEncoding = 4; lastKnownFileType = file.xib; path = VidMetaSelWin.xib; sourceTree = "<group>"; };
		DA7FC08714EAB8B8004423F5 /* VidMetaSelCellView.h */ = {isa = PBXFileReference; fileEncoding = 4; lastKnownFileType = sourcecode.c.h; path = VidMetaSelCellView.h; sourceTree = "<group>"; };
		DA7FC08814EAB8B8004423F5 /* VidMetaSelCellView.m */ = {isa = PBXFileReference; fileEncoding = 4; lastKnownFileType = sourcecode.c.objc; path = VidMetaSelCellView.m; sourceTree = "<group>"; };
		DA7FC08A14EABE2B004423F5 /* VidMetaSelDataSrc.h */ = {isa = PBXFileReference; fileEncoding = 4; lastKnownFileType = sourcecode.c.h; path = VidMetaSelDataSrc.h; sourceTree = "<group>"; };
		DA7FC08B14EABE2B004423F5 /* VidMetaSelDataSrc.m */ = {isa = PBXFileReference; fileEncoding = 4; lastKnownFileType = sourcecode.c.objc; path = VidMetaSelDataSrc.m; sourceTree = "<group>"; };
		DA819E7F14E2D941008EE066 /* PrefsWinCntlr.h */ = {isa = PBXFileReference; fileEncoding = 4; lastKnownFileType = sourcecode.c.h; path = PrefsWinCntlr.h; sourceTree = "<group>"; };
		DA819E8014E2D941008EE066 /* PrefsWinCntlr.m */ = {isa = PBXFileReference; fileEncoding = 4; lastKnownFileType = sourcecode.c.objc; path = PrefsWinCntlr.m; sourceTree = "<group>"; };
		DA819E8B14E2D9D5008EE066 /* QuartzCore.framework */ = {isa = PBXFileReference; lastKnownFileType = wrapper.framework; name = QuartzCore.framework; path = System/Library/Frameworks/QuartzCore.framework; sourceTree = SDKROOT; };
		DA819E8E14E2DB40008EE066 /* PrefsWin.xib */ = {isa = PBXFileReference; fileEncoding = 4; lastKnownFileType = file.xib; path = PrefsWin.xib; sourceTree = "<group>"; };
		DA902B0914F16799002D70EB /* VidSelArtPickerView.xib */ = {isa = PBXFileReference; fileEncoding = 4; lastKnownFileType = file.xib; path = VidSelArtPickerView.xib; sourceTree = "<group>"; };
		DAA530DE14E09DF600519A30 /* Dig-It.app */ = {isa = PBXFileReference; explicitFileType = wrapper.application; includeInIndex = 0; path = "Dig-It.app"; sourceTree = BUILT_PRODUCTS_DIR; };
		DAA530E214E09DF600519A30 /* Cocoa.framework */ = {isa = PBXFileReference; lastKnownFileType = wrapper.framework; name = Cocoa.framework; path = System/Library/Frameworks/Cocoa.framework; sourceTree = SDKROOT; };
		DAA530E514E09DF600519A30 /* AppKit.framework */ = {isa = PBXFileReference; lastKnownFileType = wrapper.framework; name = AppKit.framework; path = System/Library/Frameworks/AppKit.framework; sourceTree = SDKROOT; };
		DAA530E614E09DF600519A30 /* CoreData.framework */ = {isa = PBXFileReference; lastKnownFileType = wrapper.framework; name = CoreData.framework; path = System/Library/Frameworks/CoreData.framework; sourceTree = SDKROOT; };
		DAA530E714E09DF600519A30 /* Foundation.framework */ = {isa = PBXFileReference; lastKnownFileType = wrapper.framework; name = Foundation.framework; path = System/Library/Frameworks/Foundation.framework; sourceTree = SDKROOT; };
		DAA530EA14E09DF600519A30 /* Dig-It-Info.plist */ = {isa = PBXFileReference; lastKnownFileType = text.plist.xml; path = "Dig-It-Info.plist"; sourceTree = "<group>"; };
		DAA530EC14E09DF600519A30 /* en */ = {isa = PBXFileReference; lastKnownFileType = text.plist.strings; name = en; path = en.lproj/InfoPlist.strings; sourceTree = "<group>"; };
		DAA530EE14E09DF600519A30 /* main.m */ = {isa = PBXFileReference; lastKnownFileType = sourcecode.c.objc; path = main.m; sourceTree = "<group>"; };
		DAA530F014E09DF600519A30 /* Dig-It-Prefix.pch */ = {isa = PBXFileReference; lastKnownFileType = sourcecode.c.h; path = "Dig-It-Prefix.pch"; sourceTree = "<group>"; };
		DAA530F214E09DF600519A30 /* en */ = {isa = PBXFileReference; lastKnownFileType = text.rtf; name = en; path = en.lproj/Credits.rtf; sourceTree = "<group>"; };
		DAA530F414E09DF600519A30 /* AppDelegate.h */ = {isa = PBXFileReference; lastKnownFileType = sourcecode.c.h; path = AppDelegate.h; sourceTree = "<group>"; };
		DAA530F514E09DF600519A30 /* AppDelegate.m */ = {isa = PBXFileReference; lastKnownFileType = sourcecode.c.objc; path = AppDelegate.m; sourceTree = "<group>"; };
		DAA530F814E09DF600519A30 /* en */ = {isa = PBXFileReference; lastKnownFileType = file.xib; name = en; path = en.lproj/MainMenu.xib; sourceTree = "<group>"; };
		DAA530FF14E09DF600519A30 /* Dig-ItTests.octest */ = {isa = PBXFileReference; explicitFileType = wrapper.cfbundle; includeInIndex = 0; path = "Dig-ItTests.octest"; sourceTree = BUILT_PRODUCTS_DIR; };
		DAA5310014E09DF600519A30 /* SenTestingKit.framework */ = {isa = PBXFileReference; lastKnownFileType = wrapper.framework; name = SenTestingKit.framework; path = Library/Frameworks/SenTestingKit.framework; sourceTree = DEVELOPER_DIR; };
		DAA5310714E09DF600519A30 /* Dig-ItTests-Info.plist */ = {isa = PBXFileReference; lastKnownFileType = text.plist.xml; path = "Dig-ItTests-Info.plist"; sourceTree = "<group>"; };
		DAA5310914E09DF600519A30 /* en */ = {isa = PBXFileReference; lastKnownFileType = text.plist.strings; name = en; path = en.lproj/InfoPlist.strings; sourceTree = "<group>"; };
		DAA5310B14E09DF600519A30 /* Dig_ItTests.h */ = {isa = PBXFileReference; lastKnownFileType = sourcecode.c.h; path = Dig_ItTests.h; sourceTree = "<group>"; };
		DAA5310C14E09DF600519A30 /* Dig_ItTests.m */ = {isa = PBXFileReference; lastKnownFileType = sourcecode.c.objc; path = Dig_ItTests.m; sourceTree = "<group>"; };
		DAA6789114EFB868004D9CD8 /* Dig-It Disc3.icns */ = {isa = PBXFileReference; lastKnownFileType = image.icns; name = "Dig-It Disc3.icns"; path = "Resources/Dig-It Disc3.icns"; sourceTree = SOURCE_ROOT; };
		DAA6789414EFB951004D9CD8 /* NO ART.tif */ = {isa = PBXFileReference; lastKnownFileType = image.tiff; name = "NO ART.tif"; path = "../../../../Images/NO ART.tif"; sourceTree = "<group>"; };
		DAA6789A14F01396004D9CD8 /* ArtPickerWin.xib */ = {isa = PBXFileReference; fileEncoding = 4; lastKnownFileType = file.xib; path = ArtPickerWin.xib; sourceTree = "<group>"; };
		DAA6789C14F0167A004D9CD8 /* ArtPickerWinCntlr.h */ = {isa = PBXFileReference; fileEncoding = 4; lastKnownFileType = sourcecode.c.h; path = ArtPickerWinCntlr.h; sourceTree = "<group>"; };
		DAA6789D14F0167A004D9CD8 /* ArtPickerWinCntlr.m */ = {isa = PBXFileReference; fileEncoding = 4; lastKnownFileType = sourcecode.c.objc; path = ArtPickerWinCntlr.m; sourceTree = "<group>"; };
		DAA6789F14F0188F004D9CD8 /* Quartz.framework */ = {isa = PBXFileReference; lastKnownFileType = wrapper.framework; name = Quartz.framework; path = System/Library/Frameworks/Quartz.framework; sourceTree = SDKROOT; };
		DABE1379153E39E2007B7026 /* CustomerView.xib */ = {isa = PBXFileReference; fileEncoding = 4; lastKnownFileType = file.xib; path = CustomerView.xib; sourceTree = "<group>"; };
		DABE137B153E3B68007B7026 /* CustomerView2.xib */ = {isa = PBXFileReference; fileEncoding = 4; lastKnownFileType = file.xib; path = CustomerView2.xib; sourceTree = "<group>"; };
		DAC958A114F17E7900A3DCF3 /* CustomerViewCntlr.h */ = {isa = PBXFileReference; fileEncoding = 4; lastKnownFileType = sourcecode.c.h; path = CustomerViewCntlr.h; sourceTree = "<group>"; };
		DAC958A214F17E7900A3DCF3 /* CustomerViewCntlr.m */ = {isa = PBXFileReference; fileEncoding = 4; lastKnownFileType = sourcecode.c.objc; path = CustomerViewCntlr.m; sourceTree = "<group>"; };
		DACB345D153ECD3B00995339 /* CustomerView3.xib */ = {isa = PBXFileReference; fileEncoding = 4; lastKnownFileType = file.xib; path = CustomerView3.xib; sourceTree = "<group>"; };
		DADF23CF14F3EC7B00189E4C /* ArtBrowserItem.h */ = {isa = PBXFileReference; fileEncoding = 4; lastKnownFileType = sourcecode.c.h; path = ArtBrowserItem.h; sourceTree = "<group>"; };
		DADF23D014F3EC7B00189E4C /* ArtBrowserItem.m */ = {isa = PBXFileReference; fileEncoding = 4; lastKnownFileType = sourcecode.c.objc; path = ArtBrowserItem.m; sourceTree = "<group>"; };
		DADF23D214F407F400189E4C /* ArtBrowswerItemGatherer.h */ = {isa = PBXFileReference; fileEncoding = 4; lastKnownFileType = sourcecode.c.h; path = ArtBrowswerItemGatherer.h; sourceTree = "<group>"; };
		DADF23D314F407F400189E4C /* ArtBrowswerItemGatherer.m */ = {isa = PBXFileReference; fileEncoding = 4; lastKnownFileType = sourcecode.c.objc; path = ArtBrowswerItemGatherer.m; sourceTree = "<group>"; };
		DAE4CB37152905AC00B1CD44 /* SMKCocoaDigitizeUI.xcodeproj */ = {isa = PBXFileReference; lastKnownFileType = "wrapper.pb-project"; name = SMKCocoaDigitizeUI.xcodeproj; path = ../../Libs/SMKCocoaDigitizeUI/SMKCocoaDigitizeUI.xcodeproj; sourceTree = "<group>"; };
		DAE594C214EDC6DE005EC086 /* glass.wav */ = {isa = PBXFileReference; lastKnownFileType = audio.wav; name = glass.wav; path = Resources/glass.wav; sourceTree = SOURCE_ROOT; };
		DAEC2F0814E3F184005F7F4E /* Ping.aiff */ = {isa = PBXFileReference; lastKnownFileType = audio.aiff; name = Ping.aiff; path = ../../../../../../../System/Library/Sounds/Ping.aiff; sourceTree = "<group>"; };
		DAEC2F0C14E3F379005F7F4E /* AudioToolbox.framework */ = {isa = PBXFileReference; lastKnownFileType = wrapper.framework; name = AudioToolbox.framework; path = System/Library/Frameworks/AudioToolbox.framework; sourceTree = SDKROOT; };
		DAEC2F1414E54F98005F7F4E /* TrashView.xib */ = {isa = PBXFileReference; fileEncoding = 4; lastKnownFileType = file.xib; path = TrashView.xib; sourceTree = "<group>"; };
		DAEC2F2714E56984005F7F4E /* VideoPreviewWin.xib */ = {isa = PBXFileReference; fileEncoding = 4; lastKnownFileType = file.xib; path = VideoPreviewWin.xib; sourceTree = "<group>"; };
		DAEC2F2914E569AD005F7F4E /* QTKit.framework */ = {isa = PBXFileReference; lastKnownFileType = wrapper.framework; name = QTKit.framework; path = System/Library/Frameworks/QTKit.framework; sourceTree = SDKROOT; };
		DAEC2F3014E596F5005F7F4E /* VideoPreviewWinCntlr.h */ = {isa = PBXFileReference; fileEncoding = 4; lastKnownFileType = sourcecode.c.h; path = VideoPreviewWinCntlr.h; sourceTree = "<group>"; };
		DAEC2F3114E596F5005F7F4E /* VideoPreviewWinCntlr.m */ = {isa = PBXFileReference; fileEncoding = 4; lastKnownFileType = sourcecode.c.objc; path = VideoPreviewWinCntlr.m; sourceTree = "<group>"; };
		DAEF88571523CFA400AF77B3 /* libpq.dylib */ = {isa = PBXFileReference; lastKnownFileType = "compiled.mach-o.dylib"; name = libpq.dylib; path = usr/lib/libpq.dylib; sourceTree = SDKROOT; };
		DAF3A31C14F653500084DF9C /* CustUpcDataSrc.h */ = {isa = PBXFileReference; fileEncoding = 4; lastKnownFileType = sourcecode.c.h; path = CustUpcDataSrc.h; sourceTree = "<group>"; };
		DAF3A31D14F653500084DF9C /* CustUpcDataSrc.m */ = {isa = PBXFileReference; fileEncoding = 4; lastKnownFileType = sourcecode.c.objc; path = CustUpcDataSrc.m; sourceTree = "<group>"; };
		DAF9485114F22FE3002B6C03 /* AddressBook.framework */ = {isa = PBXFileReference; lastKnownFileType = wrapper.framework; name = AddressBook.framework; path = System/Library/Frameworks/AddressBook.framework; sourceTree = SDKROOT; };
		DAF9485A14F23386002B6C03 /* CustomerDataSrc.h */ = {isa = PBXFileReference; fileEncoding = 4; lastKnownFileType = sourcecode.c.h; path = CustomerDataSrc.h; sourceTree = "<group>"; };
		DAF9485B14F23386002B6C03 /* CustomerDataSrc.m */ = {isa = PBXFileReference; fileEncoding = 4; lastKnownFileType = sourcecode.c.objc; path = CustomerDataSrc.m; sourceTree = "<group>"; };
/* End PBXFileReference section */

/* Begin PBXFrameworksBuildPhase section */
		DAA530DB14E09DF600519A30 /* Frameworks */ = {
			isa = PBXFrameworksBuildPhase;
			buildActionMask = 2147483647;
			files = (
				DAE4CB451529062500B1CD44 /* SMKCocoaDigitizeUI.framework in Frameworks */,
				DA412051152F186B00947229 /* libSMKDigitizeData.a in Frameworks */,
				DA412057152F18B600947229 /* libSMKDigitDatabase.a in Frameworks */,
				DA41204F152F185700947229 /* libSMKDB.a in Frameworks */,
				DA412053152F187700947229 /* libSMKCocoaCommon.a in Frameworks */,
				DA412055152F187B00947229 /* libSMKCommon.a in Frameworks */,
				DAEF88581523CFA400AF77B3 /* libpq.dylib in Frameworks */,
				DA5D42D514E31FD500A16783 /* libssl.0.9.8.dylib in Frameworks */,
				DA5D42D714E31FE900A16783 /* libcrypto.0.9.8.dylib in Frameworks */,
				DAF9485214F22FE3002B6C03 /* AddressBook.framework in Frameworks */,
				DAEC2F0D14E3F37A005F7F4E /* AudioToolbox.framework in Frameworks */,
				DAEC2F2A14E569AD005F7F4E /* QTKit.framework in Frameworks */,
				DA5D42D114E31F3300A16783 /* Kerberos.framework in Frameworks */,
				DA5D42D314E31FA900A16783 /* LDAP.framework in Frameworks */,
				DAA678A014F0188F004D9CD8 /* Quartz.framework in Frameworks */,
				DA819E8C14E2D9D5008EE066 /* QuartzCore.framework in Frameworks */,
				DA5D42CF14E31F1800A16783 /* Security.framework in Frameworks */,
				DAA530E314E09DF600519A30 /* Cocoa.framework in Frameworks */,
			);
			runOnlyForDeploymentPostprocessing = 0;
		};
		DAA530FB14E09DF600519A30 /* Frameworks */ = {
			isa = PBXFrameworksBuildPhase;
			buildActionMask = 2147483647;
			files = (
				DAA5310114E09DF600519A30 /* SenTestingKit.framework in Frameworks */,
				DAA5310214E09DF600519A30 /* Cocoa.framework in Frameworks */,
			);
			runOnlyForDeploymentPostprocessing = 0;
		};
/* End PBXFrameworksBuildPhase section */

/* Begin PBXGroup section */
		DA796B5C153D93CF006A9A0F /* OrigDigitSource */ = {
			isa = PBXGroup;
			children = (
				DA819E7F14E2D941008EE066 /* PrefsWinCntlr.h */,
				DA819E8014E2D941008EE066 /* PrefsWinCntlr.m */,
				DA06BEE414E2E2130013A5E8 /* DigItWinCntlr.h */,
				DA06BEE514E2E2130013A5E8 /* DigItWinCntlr.m */,
				DA171E0814E341A100EBD43D /* CustUpcViewCntlr.h */,
				DA171E0914E341A100EBD43D /* CustUpcViewCntlr.m */,
				DAF3A31C14F653500084DF9C /* CustUpcDataSrc.h */,
				DAF3A31D14F653500084DF9C /* CustUpcDataSrc.m */,
				DA727DDC14F16E8700A89F09 /* VidMetaSelViewCntlr.h */,
				DA727DDD14F16E8700A89F09 /* VidMetaSelViewCntlr.m */,
				DA7FC08A14EABE2B004423F5 /* VidMetaSelDataSrc.h */,
				DA7FC08B14EABE2B004423F5 /* VidMetaSelDataSrc.m */,
				DA7FC08714EAB8B8004423F5 /* VidMetaSelCellView.h */,
				DA7FC08814EAB8B8004423F5 /* VidMetaSelCellView.m */,
				DA727DD614F16E2400A89F09 /* VidSelArtPickerViewCntlr.h */,
				DA727DD714F16E2400A89F09 /* VidSelArtPickerViewCntlr.m */,
				DAEC2F3014E596F5005F7F4E /* VideoPreviewWinCntlr.h */,
				DAEC2F3114E596F5005F7F4E /* VideoPreviewWinCntlr.m */,
				DAA6789C14F0167A004D9CD8 /* ArtPickerWinCntlr.h */,
				DAA6789D14F0167A004D9CD8 /* ArtPickerWinCntlr.m */,
				DA171DFC14E32D3600EBD43D /* DIDB.h */,
				DA171DFD14E32D3600EBD43D /* DIDB.m */,
				DADF23CF14F3EC7B00189E4C /* ArtBrowserItem.h */,
				DADF23D014F3EC7B00189E4C /* ArtBrowserItem.m */,
				DADF23D214F407F400189E4C /* ArtBrowswerItemGatherer.h */,
				DADF23D314F407F400189E4C /* ArtBrowswerItemGatherer.m */,
				DA7FC07D14EAB4E5004423F5 /* VidMetaSelWin.xib */,
				DA727DDE14F16E8700A89F09 /* VidMetaSelView.xib */,
				DA902B0914F16799002D70EB /* VidSelArtPickerView.xib */,
				DAEC2F2714E56984005F7F4E /* VideoPreviewWin.xib */,
				DAA6789A14F01396004D9CD8 /* ArtPickerWin.xib */,
			);
			name = OrigDigitSource;
			path = "Dig-It";
			sourceTree = "<group>";
		};
		DA819E8D14E2DB09008EE066 /* Interfaces */ = {
			isa = PBXGroup;
			children = (
				DA796B58153D7D4C006A9A0F /* GradyView.xib */,
				DAA530F714E09DF600519A30 /* MainMenu.xib */,
				DABE1379153E39E2007B7026 /* CustomerView.xib */,
				DA41205B152F20ED00947229 /* CustMediaView.xib */,
				DACB345D153ECD3B00995339 /* CustomerView3.xib */,
				DAEC2F1414E54F98005F7F4E /* TrashView.xib */,
				DA171E0A14E341A100EBD43D /* CustUpcView.xib */,
				DA796B5B153D908C006A9A0F /* MainMenuOrig.xib */,
				DA819E8E14E2DB40008EE066 /* PrefsWin.xib */,
				DA796B71153DC592006A9A0F /* CustomerViewORIG.xib */,
				DABE137B153E3B68007B7026 /* CustomerView2.xib */,
			);
			name = Interfaces;
			sourceTree = "<group>";
		};
		DAA530D314E09DF500519A30 = {
			isa = PBXGroup;
			children = (
				DAE4CB37152905AC00B1CD44 /* SMKCocoaDigitizeUI.xcodeproj */,
				DA796B5C153D93CF006A9A0F /* OrigDigitSource */,
				DAA530E814E09DF600519A30 /* Dig-It */,
				DAA5310514E09DF600519A30 /* Dig-ItTests */,
				DAA530E114E09DF600519A30 /* Frameworks */,
				DAA530DF14E09DF600519A30 /* Products */,
			);
			sourceTree = "<group>";
		};
		DAA530DF14E09DF600519A30 /* Products */ = {
			isa = PBXGroup;
			children = (
				DAA530DE14E09DF600519A30 /* Dig-It.app */,
				DAA530FF14E09DF600519A30 /* Dig-ItTests.octest */,
			);
			name = Products;
			sourceTree = "<group>";
		};
		DAA530E114E09DF600519A30 /* Frameworks */ = {
			isa = PBXGroup;
			children = (
				DA412054152F187B00947229 /* libSMKCommon.a */,
				DA412052152F187700947229 /* libSMKCocoaCommon.a */,
				DA412050152F186B00947229 /* libSMKDigitizeData.a */,
				DA412056152F18B600947229 /* libSMKDigitDatabase.a */,
				DA41204E152F185700947229 /* libSMKDB.a */,
				DAEF88571523CFA400AF77B3 /* libpq.dylib */,
				DA5D42D614E31FE900A16783 /* libcrypto.0.9.8.dylib */,
				DA5D42D414E31FD500A16783 /* libssl.0.9.8.dylib */,
				DAF9485114F22FE3002B6C03 /* AddressBook.framework */,
				DAEC2F2914E569AD005F7F4E /* QTKit.framework */,
				DAEC2F0C14E3F379005F7F4E /* AudioToolbox.framework */,
				DAA6789F14F0188F004D9CD8 /* Quartz.framework */,
				DA5D42D214E31FA900A16783 /* LDAP.framework */,
				DA5D42D014E31F3300A16783 /* Kerberos.framework */,
				DA5D42CE14E31F1800A16783 /* Security.framework */,
				DA819E8B14E2D9D5008EE066 /* QuartzCore.framework */,
				DAA530E214E09DF600519A30 /* Cocoa.framework */,
				DAA5310014E09DF600519A30 /* SenTestingKit.framework */,
				DAA530E414E09DF600519A30 /* Other Frameworks */,
			);
			name = Frameworks;
			sourceTree = "<group>";
		};
		DAA530E414E09DF600519A30 /* Other Frameworks */ = {
			isa = PBXGroup;
			children = (
				DAA530E514E09DF600519A30 /* AppKit.framework */,
				DAA530E614E09DF600519A30 /* CoreData.framework */,
				DAA530E714E09DF600519A30 /* Foundation.framework */,
			);
			name = "Other Frameworks";
			sourceTree = "<group>";
		};
		DAA530E814E09DF600519A30 /* Dig-It */ = {
			isa = PBXGroup;
			children = (
				DA5D42C214E30F5D00A16783 /* AppUserValues.h */,
				DA5D42C314E30F5D00A16783 /* AppUserValues.m */,
				DAA530F414E09DF600519A30 /* AppDelegate.h */,
				DAA530F514E09DF600519A30 /* AppDelegate.m */,
				DA796B56153D7D4C006A9A0F /* GradyVCntlr.h */,
				DA796B57153D7D4C006A9A0F /* GradyVCntlr.m */,
				DA53D63A14ED1A1900A8BE98 /* GradyView.h */,
				DA53D63B14ED1A1900A8BE98 /* GradyView.m */,
				DAC958A114F17E7900A3DCF3 /* CustomerViewCntlr.h */,
				DAC958A214F17E7900A3DCF3 /* CustomerViewCntlr.m */,
				DAF9485A14F23386002B6C03 /* CustomerDataSrc.h */,
				DAF9485B14F23386002B6C03 /* CustomerDataSrc.m */,
				DA412058152F20B100947229 /* CustMediaVCntlr.h */,
				DA412059152F20B100947229 /* CustMediaVCntlr.m */,
				DA796B60153D9BDD006A9A0F /* TestVCntlr.h */,
				DA796B61153D9BDD006A9A0F /* TestVCntlr.m */,
				DA819E8D14E2DB09008EE066 /* Interfaces */,
				DAA530E914E09DF600519A30 /* Supporting Files */,
			);
			path = "Dig-It";
			sourceTree = "<group>";
		};
		DAA530E914E09DF600519A30 /* Supporting Files */ = {
			isa = PBXGroup;
			children = (
				DA1C5AE814F27889004AD774 /* sMk.114x80.png */,
				DA1C5AEB14F2799C004AD774 /* sMk.68x48.png */,
				DAA6789414EFB951004D9CD8 /* NO ART.tif */,
				DAA6789114EFB868004D9CD8 /* Dig-It Disc3.icns */,
				DAE594C214EDC6DE005EC086 /* glass.wav */,
				DAEC2F0814E3F184005F7F4E /* Ping.aiff */,
				DA06BEF714E2F5710013A5E8 /* sMk.png */,
				DA06BEF514E2F55C0013A5E8 /* go_button.png */,
				DA06BEF314E2F5530013A5E8 /* stop_button.png */,
				DA06BEF114E2F5430013A5E8 /* DigIt.png */,
				DA06BEEF14E2F5220013A5E8 /* Dig-It BIG.png */,
				DAA530EA14E09DF600519A30 /* Dig-It-Info.plist */,
				DAA530EB14E09DF600519A30 /* InfoPlist.strings */,
				DAA530EE14E09DF600519A30 /* main.m */,
				DAA530F014E09DF600519A30 /* Dig-It-Prefix.pch */,
				DAA530F114E09DF600519A30 /* Credits.rtf */,
			);
			name = "Supporting Files";
			sourceTree = "<group>";
		};
		DAA5310514E09DF600519A30 /* Dig-ItTests */ = {
			isa = PBXGroup;
			children = (
				DAA5310B14E09DF600519A30 /* Dig_ItTests.h */,
				DAA5310C14E09DF600519A30 /* Dig_ItTests.m */,
				DAA5310614E09DF600519A30 /* Supporting Files */,
			);
			path = "Dig-ItTests";
			sourceTree = "<group>";
		};
		DAA5310614E09DF600519A30 /* Supporting Files */ = {
			isa = PBXGroup;
			children = (
				DAA5310714E09DF600519A30 /* Dig-ItTests-Info.plist */,
				DAA5310814E09DF600519A30 /* InfoPlist.strings */,
			);
			name = "Supporting Files";
			sourceTree = "<group>";
		};
		DAE4CB38152905AC00B1CD44 /* Products */ = {
			isa = PBXGroup;
			children = (
				DAE4CB40152905AC00B1CD44 /* SMKCocoaDigitizeUI.framework */,
				DAE4CB42152905AC00B1CD44 /* SMKCocoaDigitizeUITests.octest */,
			);
			name = Products;
			sourceTree = "<group>";
		};
/* End PBXGroup section */

/* Begin PBXNativeTarget section */
		DAA530DD14E09DF600519A30 /* Dig-It */ = {
			isa = PBXNativeTarget;
			buildConfigurationList = DAA5311014E09DF600519A30 /* Build configuration list for PBXNativeTarget "Dig-It" */;
			buildPhases = (
				DAA530DA14E09DF600519A30 /* Sources */,
				DAA530DB14E09DF600519A30 /* Frameworks */,
				DAA530DC14E09DF600519A30 /* Resources */,
				DAE4CB43152905E700B1CD44 /* CopyFiles */,
			);
			buildRules = (
			);
			dependencies = (
			);
			name = "Dig-It";
			productName = "Dig-It";
			productReference = DAA530DE14E09DF600519A30 /* Dig-It.app */;
			productType = "com.apple.product-type.application";
		};
		DAA530FE14E09DF600519A30 /* Dig-ItTests */ = {
			isa = PBXNativeTarget;
			buildConfigurationList = DAA5311314E09DF600519A30 /* Build configuration list for PBXNativeTarget "Dig-ItTests" */;
			buildPhases = (
				DAA530FA14E09DF600519A30 /* Sources */,
				DAA530FB14E09DF600519A30 /* Frameworks */,
				DAA530FC14E09DF600519A30 /* Resources */,
				DAA530FD14E09DF600519A30 /* ShellScript */,
			);
			buildRules = (
			);
			dependencies = (
				DAA5310414E09DF600519A30 /* PBXTargetDependency */,
			);
			name = "Dig-ItTests";
			productName = "Dig-ItTests";
			productReference = DAA530FF14E09DF600519A30 /* Dig-ItTests.octest */;
			productType = "com.apple.product-type.bundle";
		};
/* End PBXNativeTarget section */

/* Begin PBXProject section */
		DAA530D514E09DF500519A30 /* Project object */ = {
			isa = PBXProject;
			attributes = {
				LastUpgradeCheck = 0440;
				ORGANIZATIONNAME = "Secure Media Keepers";
			};
			buildConfigurationList = DAA530D814E09DF500519A30 /* Build configuration list for PBXProject "Dig-It" */;
			compatibilityVersion = "Xcode 3.2";
			developmentRegion = English;
			hasScannedForEncodings = 0;
			knownRegions = (
				en,
			);
			mainGroup = DAA530D314E09DF500519A30;
			productRefGroup = DAA530DF14E09DF600519A30 /* Products */;
			projectDirPath = "";
			projectReferences = (
				{
					ProductGroup = DAE4CB38152905AC00B1CD44 /* Products */;
					ProjectRef = DAE4CB37152905AC00B1CD44 /* SMKCocoaDigitizeUI.xcodeproj */;
				},
			);
			projectRoot = "";
			targets = (
				DAA530DD14E09DF600519A30 /* Dig-It */,
				DAA530FE14E09DF600519A30 /* Dig-ItTests */,
			);
		};
/* End PBXProject section */

/* Begin PBXReferenceProxy section */
		DAE4CB40152905AC00B1CD44 /* SMKCocoaDigitizeUI.framework */ = {
			isa = PBXReferenceProxy;
			fileType = wrapper.framework;
			path = SMKCocoaDigitizeUI.framework;
			remoteRef = DAE4CB3F152905AC00B1CD44 /* PBXContainerItemProxy */;
			sourceTree = BUILT_PRODUCTS_DIR;
		};
		DAE4CB42152905AC00B1CD44 /* SMKCocoaDigitizeUITests.octest */ = {
			isa = PBXReferenceProxy;
			fileType = wrapper.cfbundle;
			path = SMKCocoaDigitizeUITests.octest;
			remoteRef = DAE4CB41152905AC00B1CD44 /* PBXContainerItemProxy */;
			sourceTree = BUILT_PRODUCTS_DIR;
		};
/* End PBXReferenceProxy section */

/* Begin PBXResourcesBuildPhase section */
		DAA530DC14E09DF600519A30 /* Resources */ = {
			isa = PBXResourcesBuildPhase;
			buildActionMask = 2147483647;
			files = (
				DAA530ED14E09DF600519A30 /* InfoPlist.strings in Resources */,
				DAA530F314E09DF600519A30 /* Credits.rtf in Resources */,
				DAA530F914E09DF600519A30 /* MainMenu.xib in Resources */,
				DA819E8F14E2DB40008EE066 /* PrefsWin.xib in Resources */,
				DA06BEF014E2F5220013A5E8 /* Dig-It BIG.png in Resources */,
				DA06BEF214E2F5430013A5E8 /* DigIt.png in Resources */,
				DA06BEF414E2F5530013A5E8 /* stop_button.png in Resources */,
				DA06BEF614E2F55C0013A5E8 /* go_button.png in Resources */,
				DA06BEF814E2F5710013A5E8 /* sMk.png in Resources */,
				DAEC2F0914E3F184005F7F4E /* Ping.aiff in Resources */,
				DAE594C314EDC6DE005EC086 /* glass.wav in Resources */,
				DAA6789214EFB868004D9CD8 /* Dig-It Disc3.icns in Resources */,
				DAA6789514EFB951004D9CD8 /* NO ART.tif in Resources */,
				DA1C5AE914F27889004AD774 /* sMk.114x80.png in Resources */,
				DA1C5AEC14F2799C004AD774 /* sMk.68x48.png in Resources */,
				DA41205C152F20ED00947229 /* CustMediaView.xib in Resources */,
				DA796B5A153D7D4C006A9A0F /* GradyView.xib in Resources */,
				DA796B72153DC592006A9A0F /* CustomerViewORIG.xib in Resources */,
				DABE136D153E216D007B7026 /* CustUpcView.xib in Resources */,
				DABE136E153E2597007B7026 /* TrashView.xib in Resources */,
				DABE137A153E39E2007B7026 /* CustomerView.xib in Resources */,
				DABE137C153E3B68007B7026 /* CustomerView2.xib in Resources */,
				DACB345E153ECD3B00995339 /* CustomerView3.xib in Resources */,
			);
			runOnlyForDeploymentPostprocessing = 0;
		};
		DAA530FC14E09DF600519A30 /* Resources */ = {
			isa = PBXResourcesBuildPhase;
			buildActionMask = 2147483647;
			files = (
				DAA5310A14E09DF600519A30 /* InfoPlist.strings in Resources */,
			);
			runOnlyForDeploymentPostprocessing = 0;
		};
/* End PBXResourcesBuildPhase section */

/* Begin PBXShellScriptBuildPhase section */
		DAA530FD14E09DF600519A30 /* ShellScript */ = {
			isa = PBXShellScriptBuildPhase;
			buildActionMask = 2147483647;
			files = (
			);
			inputPaths = (
			);
			outputPaths = (
			);
			runOnlyForDeploymentPostprocessing = 0;
			shellPath = /bin/sh;
			shellScript = "# Run the unit tests in this test bundle.\n\"${SYSTEM_DEVELOPER_DIR}/Tools/RunUnitTests\"\n";
		};
/* End PBXShellScriptBuildPhase section */

/* Begin PBXSourcesBuildPhase section */
		DAA530DA14E09DF600519A30 /* Sources */ = {
			isa = PBXSourcesBuildPhase;
			buildActionMask = 2147483647;
			files = (
				DAA530EF14E09DF600519A30 /* main.m in Sources */,
				DAA530F614E09DF600519A30 /* AppDelegate.m in Sources */,
				DA53D63C14ED1A1900A8BE98 /* GradyView.m in Sources */,
				DA796B59153D7D4C006A9A0F /* GradyVCntlr.m in Sources */,
				DA796B62153D9BDD006A9A0F /* TestVCntlr.m in Sources */,
				DA796B68153DA71E006A9A0F /* CustomerViewCntlr.m in Sources */,
				DA796B69153DA723006A9A0F /* CustomerDataSrc.m in Sources */,
				DA796B6A153DA7E8006A9A0F /* AppUserValues.m in Sources */,
				DA796B70153DB3F1006A9A0F /* CustMediaVCntlr.m in Sources */,
			);
			runOnlyForDeploymentPostprocessing = 0;
		};
		DAA530FA14E09DF600519A30 /* Sources */ = {
			isa = PBXSourcesBuildPhase;
			buildActionMask = 2147483647;
			files = (
				DAA5310D14E09DF600519A30 /* Dig_ItTests.m in Sources */,
			);
			runOnlyForDeploymentPostprocessing = 0;
		};
/* End PBXSourcesBuildPhase section */

/* Begin PBXTargetDependency section */
		DAA5310414E09DF600519A30 /* PBXTargetDependency */ = {
			isa = PBXTargetDependency;
			target = DAA530DD14E09DF600519A30 /* Dig-It */;
			targetProxy = DAA5310314E09DF600519A30 /* PBXContainerItemProxy */;
		};
/* End PBXTargetDependency section */

/* Begin PBXVariantGroup section */
		DAA530EB14E09DF600519A30 /* InfoPlist.strings */ = {
			isa = PBXVariantGroup;
			children = (
				DAA530EC14E09DF600519A30 /* en */,
			);
			name = InfoPlist.strings;
			sourceTree = "<group>";
		};
		DAA530F114E09DF600519A30 /* Credits.rtf */ = {
			isa = PBXVariantGroup;
			children = (
				DAA530F214E09DF600519A30 /* en */,
			);
			name = Credits.rtf;
			sourceTree = "<group>";
		};
		DAA530F714E09DF600519A30 /* MainMenu.xib */ = {
			isa = PBXVariantGroup;
			children = (
				DAA530F814E09DF600519A30 /* en */,
			);
			name = MainMenu.xib;
			sourceTree = "<group>";
		};
		DAA5310814E09DF600519A30 /* InfoPlist.strings */ = {
			isa = PBXVariantGroup;
			children = (
				DAA5310914E09DF600519A30 /* en */,
			);
			name = InfoPlist.strings;
			sourceTree = "<group>";
		};
/* End PBXVariantGroup section */

/* Begin XCBuildConfiguration section */
		DAA5310E14E09DF600519A30 /* Debug */ = {
			isa = XCBuildConfiguration;
			buildSettings = {
				ALWAYS_SEARCH_USER_PATHS = NO;
				ARCHS = "$(ARCHS_STANDARD_64_BIT)";
				CLANG_ENABLE_OBJC_ARC = YES;
				CODE_SIGN_IDENTITY = "";
				COPY_PHASE_STRIP = NO;
				GCC_C_LANGUAGE_STANDARD = gnu99;
				GCC_DYNAMIC_NO_PIC = NO;
				GCC_ENABLE_OBJC_EXCEPTIONS = YES;
				GCC_OPTIMIZATION_LEVEL = 0;
				GCC_PREPROCESSOR_DEFINITIONS = (
					"DEBUG=1",
					"$(inherited)",
				);
				GCC_SYMBOLS_PRIVATE_EXTERN = NO;
				GCC_VERSION = com.apple.compilers.llvm.clang.1_0;
				GCC_WARN_64_TO_32_BIT_CONVERSION = YES;
				GCC_WARN_ABOUT_MISSING_PROTOTYPES = YES;
				GCC_WARN_ABOUT_RETURN_TYPE = YES;
				GCC_WARN_UNUSED_VARIABLE = YES;
				MACOSX_DEPLOYMENT_TARGET = 10.7;
				ONLY_ACTIVE_ARCH = NO;
				SDKROOT = macosx10.7;
			};
			name = Debug;
		};
		DAA5310F14E09DF600519A30 /* Release */ = {
			isa = XCBuildConfiguration;
			buildSettings = {
				ALWAYS_SEARCH_USER_PATHS = NO;
				ARCHS = "$(ARCHS_STANDARD_64_BIT)";
				CLANG_ENABLE_OBJC_ARC = YES;
				CODE_SIGN_IDENTITY = "";
				COPY_PHASE_STRIP = YES;
				DEBUG_INFORMATION_FORMAT = "dwarf-with-dsym";
				GCC_C_LANGUAGE_STANDARD = gnu99;
				GCC_ENABLE_OBJC_EXCEPTIONS = YES;
				GCC_VERSION = com.apple.compilers.llvm.clang.1_0;
				GCC_WARN_64_TO_32_BIT_CONVERSION = YES;
				GCC_WARN_ABOUT_MISSING_PROTOTYPES = YES;
				GCC_WARN_ABOUT_RETURN_TYPE = YES;
				GCC_WARN_UNUSED_VARIABLE = YES;
				MACOSX_DEPLOYMENT_TARGET = 10.7;
				ONLY_ACTIVE_ARCH = NO;
				SDKROOT = macosx10.7;
			};
			name = Release;
		};
		DAA5311114E09DF600519A30 /* Debug */ = {
			isa = XCBuildConfiguration;
			buildSettings = {
				GCC_PRECOMPILE_PREFIX_HEADER = YES;
				GCC_PREFIX_HEADER = "Dig-It/Dig-It-Prefix.pch";
				HEADER_SEARCH_PATHS = (
					"$(TARGET_BUILD_DIR)/Support/include",
					/Support/include,
				);
				INFOPLIST_FILE = "Dig-It/Dig-It-Info.plist";
				LIBRARY_SEARCH_PATHS = (
					"$(TARGET_BUILD_DIR)",
					/Support/lib,
				);
				PRODUCT_NAME = "$(TARGET_NAME)";
				WRAPPER_EXTENSION = app;
			};
			name = Debug;
		};
		DAA5311214E09DF600519A30 /* Release */ = {
			isa = XCBuildConfiguration;
			buildSettings = {
				COPY_PHASE_STRIP = NO;
				DEBUG_INFORMATION_FORMAT = "dwarf-with-dsym";
				GCC_PRECOMPILE_PREFIX_HEADER = YES;
				GCC_PREFIX_HEADER = "Dig-It/Dig-It-Prefix.pch";
				HEADER_SEARCH_PATHS = (
					"$(TARGET_BUILD_DIR)/Support/include",
					/Support/include,
				);
				INFOPLIST_FILE = "Dig-It/Dig-It-Info.plist";
				LIBRARY_SEARCH_PATHS = (
					"$(TARGET_BUILD_DIR)",
					/Support/lib,
				);
				PRODUCT_NAME = "$(TARGET_NAME)";
				WRAPPER_EXTENSION = app;
			};
			name = Release;
		};
		DAA5311414E09DF600519A30 /* Debug */ = {
			isa = XCBuildConfiguration;
			buildSettings = {
				BUNDLE_LOADER = "$(BUILT_PRODUCTS_DIR)/Dig-It.app/Contents/MacOS/Dig-It";
				FRAMEWORK_SEARCH_PATHS = "$(DEVELOPER_LIBRARY_DIR)/Frameworks";
				GCC_PRECOMPILE_PREFIX_HEADER = YES;
				GCC_PREFIX_HEADER = "Dig-It/Dig-It-Prefix.pch";
				INFOPLIST_FILE = "Dig-ItTests/Dig-ItTests-Info.plist";
				PRODUCT_NAME = "$(TARGET_NAME)";
				TEST_HOST = "$(BUNDLE_LOADER)";
				WRAPPER_EXTENSION = octest;
			};
			name = Debug;
		};
		DAA5311514E09DF600519A30 /* Release */ = {
			isa = XCBuildConfiguration;
			buildSettings = {
				BUNDLE_LOADER = "$(BUILT_PRODUCTS_DIR)/Dig-It.app/Contents/MacOS/Dig-It";
				FRAMEWORK_SEARCH_PATHS = "$(DEVELOPER_LIBRARY_DIR)/Frameworks";
				GCC_PRECOMPILE_PREFIX_HEADER = YES;
				GCC_PREFIX_HEADER = "Dig-It/Dig-It-Prefix.pch";
				INFOPLIST_FILE = "Dig-ItTests/Dig-ItTests-Info.plist";
				PRODUCT_NAME = "$(TARGET_NAME)";
				TEST_HOST = "$(BUNDLE_LOADER)";
				WRAPPER_EXTENSION = octest;
			};
			name = Release;
		};
/* End XCBuildConfiguration section */

/* Begin XCConfigurationList section */
		DAA530D814E09DF500519A30 /* Build configuration list for PBXProject "Dig-It" */ = {
			isa = XCConfigurationList;
			buildConfigurations = (
				DAA5310E14E09DF600519A30 /* Debug */,
				DAA5310F14E09DF600519A30 /* Release */,
			);
			defaultConfigurationIsVisible = 0;
			defaultConfigurationName = Release;
		};
		DAA5311014E09DF600519A30 /* Build configuration list for PBXNativeTarget "Dig-It" */ = {
			isa = XCConfigurationList;
			buildConfigurations = (
				DAA5311114E09DF600519A30 /* Debug */,
				DAA5311214E09DF600519A30 /* Release */,
			);
			defaultConfigurationIsVisible = 0;
			defaultConfigurationName = Release;
		};
		DAA5311314E09DF600519A30 /* Build configuration list for PBXNativeTarget "Dig-ItTests" */ = {
			isa = XCConfigurationList;
			buildConfigurations = (
				DAA5311414E09DF600519A30 /* Debug */,
				DAA5311514E09DF600519A30 /* Release */,
			);
			defaultConfigurationIsVisible = 0;
			defaultConfigurationName = Release;
		};
/* End XCConfigurationList section */
	};
	rootObject = DAA530D514E09DF500519A30 /* Project object */;
}
